# THIS IS AN AUTOGENERATED FILE. DO NOT EDIT THIS FILE DIRECTLY.
# yarn lockfile v1


"@types/cookieclicker@^2.44.0":
  version "2.44.0"
  resolved "https://registry.yarnpkg.com/@types/cookieclicker/-/cookieclicker-2.44.0.tgz#74708a8a1b3b00e10139cf38a628390b5d150a8b"
  integrity sha512-bNaFGywMR/1NXozPwBzHZ/Bk6RPU2wQKa3b+otHElqergXcuN440pZqdoLfYgM074zxO8xtZ/1TaOD6UD8ydMw==

typescript@^4.6.3:
  version "4.6.3"
  resolved "https://registry.yarnpkg.com/typescript/-/typescript-4.6.3.tgz#eefeafa6afdd31d725584c67a0eaba80f6fc6c6c"
  integrity sha512-yNIatDa5iaofVozS/uQJEl3JRWLKKGJKh6Yaiv0GLGSuhpFJe7P3SbHZ8/yjAHRQwKRoA6YZqlfjXWmVzoVSMw==
